# THIS IS AN AUTOGENERATED FILE. DO NOT EDIT THIS FILE DIRECTLY.
# yarn lockfile v1


google-protobuf@^3.8.0:
  version "3.8.0"
  resolved "https://registry.yarnpkg.com/google-protobuf/-/google-protobuf-3.8.0.tgz#4fd2ee3a97751cb543dc5de85ffd264aff9f4980"

grpc-web@^1.0.4:
  version "1.0.4"
  resolved "https://registry.yarnpkg.com/grpc-web/-/grpc-web-1.0.4.tgz#dac13f3a1b42092595a8807f724aeaa5f5d6487a"
